
Microsoft Visual Studio Solution File, Format Version 12.00
# Visual Studio Version 17
VisualStudioVersion = 17.11.35431.28
MinimumVisualStudioVersion = 10.0.40219.1
Project("{9A19103F-16F7-4668-BE54-9A1E7A4F7556}") = "Atividades", "Atividades\Atividades.csproj", "{5EA9DA23-8E74-4558-A3B9-967C397B39DF}"
EndProject
Project("{9A19103F-16F7-4668-BE54-9A1E7A4F7556}") = "atividade 01", "atividade 01\atividade 01.csproj", "{D875A28A-2AC0-4A02-B0B1-DC928B2F8164}"
EndProject
Project("{9A19103F-16F7-4668-BE54-9A1E7A4F7556}") = "atividade 02", "atividade 02\atividade 02.csproj", "{6C6876B4-FE28-4E1B-9F4B-D7CAA8796350}"
EndProject
Project("{9A19103F-16F7-4668-BE54-9A1E7A4F7556}") = "atividade 03", "atividade 03\atividade 03.csproj", "{CB97A97D-8C54-454A-A35A-3EB79509CF7E}"
EndProject
Project("{9A19103F-16F7-4668-BE54-9A1E7A4F7556}") = "atividade 04", "atividade 04\atividade 04.csproj", "{AF945DB3-7412-4A9C-863D-721C824B2385}"
EndProject
Project("{9A19103F-16F7-4668-BE54-9A1E7A4F7556}") = "atividade 05", "atividade 05\atividade 05.csproj", "{F63922C1-B3DD-4F51-B818-CA37DFDFBABC}"
EndProject
Project("{9A19103F-16F7-4668-BE54-9A1E7A4F7556}") = "atividade 06", "atividade 06\atividade 06.csproj", "{29AC06CB-DCFE-47AA-8F7F-003384B6FB5E}"
EndProject
Project("{9A19103F-16F7-4668-BE54-9A1E7A4F7556}") = "Atividade 07", "Atividade 07\Atividade 07.csproj", "{6B63F6D1-F07A-420F-A88F-48E462BB3027}"
EndProject
Project("{9A19103F-16F7-4668-BE54-9A1E7A4F7556}") = "Atividade 09", "Atividade 09\Atividade 09.csproj", "{D972D0AD-72FA-41AB-8ABF-F2802769329A}"
EndProject
Project("{9A19103F-16F7-4668-BE54-9A1E7A4F7556}") = "Atividade 10", "Atividade 10\Atividade 10.csproj", "{6C230FAB-203D-4ED6-851F-E22055669915}"
EndProject
Project("{9A19103F-16F7-4668-BE54-9A1E7A4F7556}") = "Atividade 11", "Atividade 11\Atividade 11.csproj", "{779A21BC-6DC5-48E7-899F-8C8CC51C96F3}"
EndProject
Project("{9A19103F-16F7-4668-BE54-9A1E7A4F7556}") = "Atividade 12", "Atividade 12\Atividade 12.csproj", "{1EB9A872-9C35-4FC3-963F-16F295BDD91B}"
EndProject
Project("{9A19103F-16F7-4668-BE54-9A1E7A4F7556}") = "Atividade 13", "Atividade 13\Atividade 13.csproj", "{4C0E549A-1850-48A3-BD39-171C254F3307}"
EndProject
Project("{9A19103F-16F7-4668-BE54-9A1E7A4F7556}") = "Atividade 14", "Atividade 14\Atividade 14.csproj", "{7721F246-CE77-454A-8B44-72EDF2E2445B}"
EndProject
Project("{9A19103F-16F7-4668-BE54-9A1E7A4F7556}") = "Atividade 15", "Atividade 15\Atividade 15.csproj", "{51AE6817-99B3-49C7-8166-B1C272AC4666}"
EndProject
Project("{9A19103F-16F7-4668-BE54-9A1E7A4F7556}") = "Atividade 16", "Atividade 16\Atividade 16.csproj", "{4BF4E11E-7089-4F0B-8098-806D9C48E2B1}"
EndProject
Project("{9A19103F-16F7-4668-BE54-9A1E7A4F7556}") = "Atividade 17", "Atividade 17\Atividade 17.csproj", "{8B4B2EFE-EFFF-442A-A1E6-E5E646060144}"
EndProject
Project("{9A19103F-16F7-4668-BE54-9A1E7A4F7556}") = "Atividade 08", "Atividade 08\Atividade 08.csproj", "{029BCAC6-B3D6-4108-98F6-023E1A3A51E6}"
EndProject
Project("{9A19103F-16F7-4668-BE54-9A1E7A4F7556}") = "Atividade 18", "Atividade 18\Atividade 18.csproj", "{C119B2F1-6956-4F68-8E8A-F8EF847C52C5}"
EndProject
Project("{9A19103F-16F7-4668-BE54-9A1E7A4F7556}") = "Atividade 19", "Atividade 19\Atividade 19.csproj", "{2E02211E-DA47-4E64-AD04-973A5653F45F}"
EndProject
Project("{9A19103F-16F7-4668-BE54-9A1E7A4F7556}") = "Atividade 20", "Atividade 20\Atividade 20.csproj", "{F37337D9-8C9A-4C03-B764-BBEF0E346FEA}"
EndProject
Project("{9A19103F-16F7-4668-BE54-9A1E7A4F7556}") = "Atividade 21", "Atividade 21\Atividade 21.csproj", "{864A05B0-D669-416A-BF08-0D32EE6C61D1}"
EndProject
Project("{9A19103F-16F7-4668-BE54-9A1E7A4F7556}") = "Atividade 22", "Atividade 22\Atividade 22.csproj", "{B1351D8E-779E-4917-BEFB-126DC30CCB4A}"
EndProject
Project("{9A19103F-16F7-4668-BE54-9A1E7A4F7556}") = "Atividade 23", "Atividade 23\Atividade 23.csproj", "{7CBECFD5-517D-4583-963D-73F217F2C581}"
EndProject
Project("{9A19103F-16F7-4668-BE54-9A1E7A4F7556}") = "Atividade 24", "Atividade 24\Atividade 24.csproj", "{F8923A96-C520-4922-8BED-44B0DB74EA48}"
EndProject
Project("{9A19103F-16F7-4668-BE54-9A1E7A4F7556}") = "Atividade 25", "Atividade 25\Atividade 25.csproj", "{B66FDE58-4A55-4BEF-842B-DE3D6B7C4755}"
EndProject
Project("{9A19103F-16F7-4668-BE54-9A1E7A4F7556}") = "Atividade 26", "Atividade 26\Atividade 26.csproj", "{D87B6EEF-E4AA-49C2-BF57-9EBB798C9A12}"
EndProject
Project("{FAE04EC0-301F-11D3-BF4B-00C04F79EFBC}") = "Atividade 27", "Atividade 27\Atividade 27.csproj", "{B8C374C9-30DD-45CA-A801-FA25F01BEBBD}"
EndProject
Project("{FAE04EC0-301F-11D3-BF4B-00C04F79EFBC}") = "Atividade 28", "Atividade 28\Atividade 28.csproj", "{2BB66908-7CF4-4BC3-9B71-991C391EBA88}"
EndProject
Project("{FAE04EC0-301F-11D3-BF4B-00C04F79EFBC}") = "Atividade 29", "Atividade 29\Atividade 29.csproj", "{7BC276B9-04A6-404B-9784-9EEF2AB6D0B7}"
EndProject
Project("{FAE04EC0-301F-11D3-BF4B-00C04F79EFBC}") = "Atividade 30", "Atividade 30\Atividade 30.csproj", "{BCA34FE2-982E-43A6-9FF2-337C2EC7324B}"
EndProject
Project("{FAE04EC0-301F-11D3-BF4B-00C04F79EFBC}") = "Atividade 31", "Atividade 31\Atividade 31.csproj", "{FB7B6F5B-6EF9-479D-B062-C71B5D51FFF0}"
EndProject
Project("{FAE04EC0-301F-11D3-BF4B-00C04F79EFBC}") = "Atividade 32", "Atividade 32\Atividade 32.csproj", "{0D3DD08F-BFE3-4762-B8F7-8CB604606CC0}"
EndProject
Project("{FAE04EC0-301F-11D3-BF4B-00C04F79EFBC}") = "Atividade 33", "Atividade 33\Atividade 33.csproj", "{65DE948E-9EBE-40D3-AFD1-C1233BF2F10A}"
EndProject
Project("{FAE04EC0-301F-11D3-BF4B-00C04F79EFBC}") = "Atividade 34", "Atividade 34\Atividade 34.csproj", "{87704369-B9FF-426E-8FDA-F3895427DDA6}"
EndProject
Project("{FAE04EC0-301F-11D3-BF4B-00C04F79EFBC}") = "Atividade 35", "Atividade 35\Atividade 35.csproj", "{22624098-F21B-49FE-8224-A52F6FEC1079}"
EndProject
Project("{FAE04EC0-301F-11D3-BF4B-00C04F79EFBC}") = "Atividade 36", "Atividade 36\Atividade 36.csproj", "{49F5C549-5B32-4BBA-A928-DCA6331375E2}"
EndProject
Project("{FAE04EC0-301F-11D3-BF4B-00C04F79EFBC}") = "Atividade 37", "Atividade 37\Atividade 37.csproj", "{F40E3A48-D101-45AC-A48B-D1E5D0435F08}"
EndProject
Project("{FAE04EC0-301F-11D3-BF4B-00C04F79EFBC}") = "Atividade 38", "Atividade 38\Atividade 38.csproj", "{49460B07-CB83-4932-85D9-649BF5019473}"
EndProject
Project("{FAE04EC0-301F-11D3-BF4B-00C04F79EFBC}") = "Atividade 39", "Atividade 39\Atividade 39.csproj", "{9AD42915-CEA8-4CA2-BF2C-DF6B273690B4}"
EndProject
Project("{FAE04EC0-301F-11D3-BF4B-00C04F79EFBC}") = "Atividade 40", "Atividade 40\Atividade 40.csproj", "{CECC0171-2FC5-44A2-AFB5-9640287304C4}"
EndProject
Global
	GlobalSection(SolutionConfigurationPlatforms) = preSolution
		Debug|Any CPU = Debug|Any CPU
		Release|Any CPU = Release|Any CPU
	EndGlobalSection
	GlobalSection(ProjectConfigurationPlatforms) = postSolution
		{5EA9DA23-8E74-4558-A3B9-967C397B39DF}.Debug|Any CPU.ActiveCfg = Debug|Any CPU
		{5EA9DA23-8E74-4558-A3B9-967C397B39DF}.Debug|Any CPU.Build.0 = Debug|Any CPU
		{5EA9DA23-8E74-4558-A3B9-967C397B39DF}.Release|Any CPU.ActiveCfg = Release|Any CPU
		{5EA9DA23-8E74-4558-A3B9-967C397B39DF}.Release|Any CPU.Build.0 = Release|Any CPU
		{D875A28A-2AC0-4A02-B0B1-DC928B2F8164}.Debug|Any CPU.ActiveCfg = Debug|Any CPU
		{D875A28A-2AC0-4A02-B0B1-DC928B2F8164}.Debug|Any CPU.Build.0 = Debug|Any CPU
		{D875A28A-2AC0-4A02-B0B1-DC928B2F8164}.Release|Any CPU.ActiveCfg = Release|Any CPU
		{D875A28A-2AC0-4A02-B0B1-DC928B2F8164}.Release|Any CPU.Build.0 = Release|Any CPU
		{6C6876B4-FE28-4E1B-9F4B-D7CAA8796350}.Debug|Any CPU.ActiveCfg = Debug|Any CPU
		{6C6876B4-FE28-4E1B-9F4B-D7CAA8796350}.Debug|Any CPU.Build.0 = Debug|Any CPU
		{6C6876B4-FE28-4E1B-9F4B-D7CAA8796350}.Release|Any CPU.ActiveCfg = Release|Any CPU
		{6C6876B4-FE28-4E1B-9F4B-D7CAA8796350}.Release|Any CPU.Build.0 = Release|Any CPU
		{CB97A97D-8C54-454A-A35A-3EB79509CF7E}.Debug|Any CPU.ActiveCfg = Debug|Any CPU
		{CB97A97D-8C54-454A-A35A-3EB79509CF7E}.Debug|Any CPU.Build.0 = Debug|Any CPU
		{CB97A97D-8C54-454A-A35A-3EB79509CF7E}.Release|Any CPU.ActiveCfg = Release|Any CPU
		{CB97A97D-8C54-454A-A35A-3EB79509CF7E}.Release|Any CPU.Build.0 = Release|Any CPU
		{AF945DB3-7412-4A9C-863D-721C824B2385}.Debug|Any CPU.ActiveCfg = Debug|Any CPU
		{AF945DB3-7412-4A9C-863D-721C824B2385}.Debug|Any CPU.Build.0 = Debug|Any CPU
		{AF945DB3-7412-4A9C-863D-721C824B2385}.Release|Any CPU.ActiveCfg = Release|Any CPU
		{AF945DB3-7412-4A9C-863D-721C824B2385}.Release|Any CPU.Build.0 = Release|Any CPU
		{F63922C1-B3DD-4F51-B818-CA37DFDFBABC}.Debug|Any CPU.ActiveCfg = Debug|Any CPU
		{F63922C1-B3DD-4F51-B818-CA37DFDFBABC}.Debug|Any CPU.Build.0 = Debug|Any CPU
		{F63922C1-B3DD-4F51-B818-CA37DFDFBABC}.Release|Any CPU.ActiveCfg = Release|Any CPU
		{F63922C1-B3DD-4F51-B818-CA37DFDFBABC}.Release|Any CPU.Build.0 = Release|Any CPU
		{29AC06CB-DCFE-47AA-8F7F-003384B6FB5E}.Debug|Any CPU.ActiveCfg = Debug|Any CPU
		{29AC06CB-DCFE-47AA-8F7F-003384B6FB5E}.Debug|Any CPU.Build.0 = Debug|Any CPU
		{29AC06CB-DCFE-47AA-8F7F-003384B6FB5E}.Release|Any CPU.ActiveCfg = Release|Any CPU
		{29AC06CB-DCFE-47AA-8F7F-003384B6FB5E}.Release|Any CPU.Build.0 = Release|Any CPU
		{6B63F6D1-F07A-420F-A88F-48E462BB3027}.Debug|Any CPU.ActiveCfg = Debug|Any CPU
		{6B63F6D1-F07A-420F-A88F-48E462BB3027}.Debug|Any CPU.Build.0 = Debug|Any CPU
		{6B63F6D1-F07A-420F-A88F-48E462BB3027}.Release|Any CPU.ActiveCfg = Release|Any CPU
		{6B63F6D1-F07A-420F-A88F-48E462BB3027}.Release|Any CPU.Build.0 = Release|Any CPU
		{D972D0AD-72FA-41AB-8ABF-F2802769329A}.Debug|Any CPU.ActiveCfg = Debug|Any CPU
		{D972D0AD-72FA-41AB-8ABF-F2802769329A}.Debug|Any CPU.Build.0 = Debug|Any CPU
		{D972D0AD-72FA-41AB-8ABF-F2802769329A}.Release|Any CPU.ActiveCfg = Release|Any CPU
		{D972D0AD-72FA-41AB-8ABF-F2802769329A}.Release|Any CPU.Build.0 = Release|Any CPU
		{6C230FAB-203D-4ED6-851F-E22055669915}.Debug|Any CPU.ActiveCfg = Debug|Any CPU
		{6C230FAB-203D-4ED6-851F-E22055669915}.Debug|Any CPU.Build.0 = Debug|Any CPU
		{6C230FAB-203D-4ED6-851F-E22055669915}.Release|Any CPU.ActiveCfg = Release|Any CPU
		{6C230FAB-203D-4ED6-851F-E22055669915}.Release|Any CPU.Build.0 = Release|Any CPU
		{779A21BC-6DC5-48E7-899F-8C8CC51C96F3}.Debug|Any CPU.ActiveCfg = Debug|Any CPU
		{779A21BC-6DC5-48E7-899F-8C8CC51C96F3}.Debug|Any CPU.Build.0 = Debug|Any CPU
		{779A21BC-6DC5-48E7-899F-8C8CC51C96F3}.Release|Any CPU.ActiveCfg = Release|Any CPU
		{779A21BC-6DC5-48E7-899F-8C8CC51C96F3}.Release|Any CPU.Build.0 = Release|Any CPU
		{1EB9A872-9C35-4FC3-963F-16F295BDD91B}.Debug|Any CPU.ActiveCfg = Debug|Any CPU
		{1EB9A872-9C35-4FC3-963F-16F295BDD91B}.Debug|Any CPU.Build.0 = Debug|Any CPU
		{1EB9A872-9C35-4FC3-963F-16F295BDD91B}.Release|Any CPU.ActiveCfg = Release|Any CPU
		{1EB9A872-9C35-4FC3-963F-16F295BDD91B}.Release|Any CPU.Build.0 = Release|Any CPU
		{4C0E549A-1850-48A3-BD39-171C254F3307}.Debug|Any CPU.ActiveCfg = Debug|Any CPU
		{4C0E549A-1850-48A3-BD39-171C254F3307}.Debug|Any CPU.Build.0 = Debug|Any CPU
		{4C0E549A-1850-48A3-BD39-171C254F3307}.Release|Any CPU.ActiveCfg = Release|Any CPU
		{4C0E549A-1850-48A3-BD39-171C254F3307}.Release|Any CPU.Build.0 = Release|Any CPU
		{7721F246-CE77-454A-8B44-72EDF2E2445B}.Debug|Any CPU.ActiveCfg = Debug|Any CPU
		{7721F246-CE77-454A-8B44-72EDF2E2445B}.Debug|Any CPU.Build.0 = Debug|Any CPU
		{7721F246-CE77-454A-8B44-72EDF2E2445B}.Release|Any CPU.ActiveCfg = Release|Any CPU
		{7721F246-CE77-454A-8B44-72EDF2E2445B}.Release|Any CPU.Build.0 = Release|Any CPU
		{51AE6817-99B3-49C7-8166-B1C272AC4666}.Debug|Any CPU.ActiveCfg = Debug|Any CPU
		{51AE6817-99B3-49C7-8166-B1C272AC4666}.Debug|Any CPU.Build.0 = Debug|Any CPU
		{51AE6817-99B3-49C7-8166-B1C272AC4666}.Release|Any CPU.ActiveCfg = Release|Any CPU
		{51AE6817-99B3-49C7-8166-B1C272AC4666}.Release|Any CPU.Build.0 = Release|Any CPU
		{4BF4E11E-7089-4F0B-8098-806D9C48E2B1}.Debug|Any CPU.ActiveCfg = Debug|Any CPU
		{4BF4E11E-7089-4F0B-8098-806D9C48E2B1}.Debug|Any CPU.Build.0 = Debug|Any CPU
		{4BF4E11E-7089-4F0B-8098-806D9C48E2B1}.Release|Any CPU.ActiveCfg = Release|Any CPU
		{4BF4E11E-7089-4F0B-8098-806D9C48E2B1}.Release|Any CPU.Build.0 = Release|Any CPU
		{8B4B2EFE-EFFF-442A-A1E6-E5E646060144}.Debug|Any CPU.ActiveCfg = Debug|Any CPU
		{8B4B2EFE-EFFF-442A-A1E6-E5E646060144}.Debug|Any CPU.Build.0 = Debug|Any CPU
		{8B4B2EFE-EFFF-442A-A1E6-E5E646060144}.Release|Any CPU.ActiveCfg = Release|Any CPU
		{8B4B2EFE-EFFF-442A-A1E6-E5E646060144}.Release|Any CPU.Build.0 = Release|Any CPU
		{029BCAC6-B3D6-4108-98F6-023E1A3A51E6}.Debug|Any CPU.ActiveCfg = Debug|Any CPU
		{029BCAC6-B3D6-4108-98F6-023E1A3A51E6}.Debug|Any CPU.Build.0 = Debug|Any CPU
		{029BCAC6-B3D6-4108-98F6-023E1A3A51E6}.Release|Any CPU.ActiveCfg = Release|Any CPU
		{029BCAC6-B3D6-4108-98F6-023E1A3A51E6}.Release|Any CPU.Build.0 = Release|Any CPU
		{C119B2F1-6956-4F68-8E8A-F8EF847C52C5}.Debug|Any CPU.ActiveCfg = Debug|Any CPU
		{C119B2F1-6956-4F68-8E8A-F8EF847C52C5}.Debug|Any CPU.Build.0 = Debug|Any CPU
		{C119B2F1-6956-4F68-8E8A-F8EF847C52C5}.Release|Any CPU.ActiveCfg = Release|Any CPU
		{C119B2F1-6956-4F68-8E8A-F8EF847C52C5}.Release|Any CPU.Build.0 = Release|Any CPU
		{2E02211E-DA47-4E64-AD04-973A5653F45F}.Debug|Any CPU.ActiveCfg = Debug|Any CPU
		{2E02211E-DA47-4E64-AD04-973A5653F45F}.Debug|Any CPU.Build.0 = Debug|Any CPU
		{2E02211E-DA47-4E64-AD04-973A5653F45F}.Release|Any CPU.ActiveCfg = Release|Any CPU
		{2E02211E-DA47-4E64-AD04-973A5653F45F}.Release|Any CPU.Build.0 = Release|Any CPU
		{F37337D9-8C9A-4C03-B764-BBEF0E346FEA}.Debug|Any CPU.ActiveCfg = Debug|Any CPU
		{F37337D9-8C9A-4C03-B764-BBEF0E346FEA}.Debug|Any CPU.Build.0 = Debug|Any CPU
		{F37337D9-8C9A-4C03-B764-BBEF0E346FEA}.Release|Any CPU.ActiveCfg = Release|Any CPU
		{F37337D9-8C9A-4C03-B764-BBEF0E346FEA}.Release|Any CPU.Build.0 = Release|Any CPU
		{864A05B0-D669-416A-BF08-0D32EE6C61D1}.Debug|Any CPU.ActiveCfg = Debug|Any CPU
		{864A05B0-D669-416A-BF08-0D32EE6C61D1}.Debug|Any CPU.Build.0 = Debug|Any CPU
		{864A05B0-D669-416A-BF08-0D32EE6C61D1}.Release|Any CPU.ActiveCfg = Release|Any CPU
		{864A05B0-D669-416A-BF08-0D32EE6C61D1}.Release|Any CPU.Build.0 = Release|Any CPU
		{B1351D8E-779E-4917-BEFB-126DC30CCB4A}.Debug|Any CPU.ActiveCfg = Debug|Any CPU
		{B1351D8E-779E-4917-BEFB-126DC30CCB4A}.Debug|Any CPU.Build.0 = Debug|Any CPU
		{B1351D8E-779E-4917-BEFB-126DC30CCB4A}.Release|Any CPU.ActiveCfg = Release|Any CPU
		{B1351D8E-779E-4917-BEFB-126DC30CCB4A}.Release|Any CPU.Build.0 = Release|Any CPU
		{7CBECFD5-517D-4583-963D-73F217F2C581}.Debug|Any CPU.ActiveCfg = Debug|Any CPU
		{7CBECFD5-517D-4583-963D-73F217F2C581}.Debug|Any CPU.Build.0 = Debug|Any CPU
		{7CBECFD5-517D-4583-963D-73F217F2C581}.Release|Any CPU.ActiveCfg = Release|Any CPU
		{7CBECFD5-517D-4583-963D-73F217F2C581}.Release|Any CPU.Build.0 = Release|Any CPU
		{F8923A96-C520-4922-8BED-44B0DB74EA48}.Debug|Any CPU.ActiveCfg = Debug|Any CPU
		{F8923A96-C520-4922-8BED-44B0DB74EA48}.Debug|Any CPU.Build.0 = Debug|Any CPU
		{F8923A96-C520-4922-8BED-44B0DB74EA48}.Release|Any CPU.ActiveCfg = Release|Any CPU
		{F8923A96-C520-4922-8BED-44B0DB74EA48}.Release|Any CPU.Build.0 = Release|Any CPU
		{B66FDE58-4A55-4BEF-842B-DE3D6B7C4755}.Debug|Any CPU.ActiveCfg = Debug|Any CPU
		{B66FDE58-4A55-4BEF-842B-DE3D6B7C4755}.Debug|Any CPU.Build.0 = Debug|Any CPU
		{B66FDE58-4A55-4BEF-842B-DE3D6B7C4755}.Release|Any CPU.ActiveCfg = Release|Any CPU
		{B66FDE58-4A55-4BEF-842B-DE3D6B7C4755}.Release|Any CPU.Build.0 = Release|Any CPU
		{D87B6EEF-E4AA-49C2-BF57-9EBB798C9A12}.Debug|Any CPU.ActiveCfg = Debug|Any CPU
		{D87B6EEF-E4AA-49C2-BF57-9EBB798C9A12}.Debug|Any CPU.Build.0 = Debug|Any CPU
		{D87B6EEF-E4AA-49C2-BF57-9EBB798C9A12}.Release|Any CPU.ActiveCfg = Release|Any CPU
		{D87B6EEF-E4AA-49C2-BF57-9EBB798C9A12}.Release|Any CPU.Build.0 = Release|Any CPU
		{B8C374C9-30DD-45CA-A801-FA25F01BEBBD}.Debug|Any CPU.ActiveCfg = Debug|Any CPU
		{B8C374C9-30DD-45CA-A801-FA25F01BEBBD}.Debug|Any CPU.Build.0 = Debug|Any CPU
		{B8C374C9-30DD-45CA-A801-FA25F01BEBBD}.Release|Any CPU.ActiveCfg = Release|Any CPU
		{B8C374C9-30DD-45CA-A801-FA25F01BEBBD}.Release|Any CPU.Build.0 = Release|Any CPU
		{2BB66908-7CF4-4BC3-9B71-991C391EBA88}.Debug|Any CPU.ActiveCfg = Debug|Any CPU
		{2BB66908-7CF4-4BC3-9B71-991C391EBA88}.Debug|Any CPU.Build.0 = Debug|Any CPU
		{2BB66908-7CF4-4BC3-9B71-991C391EBA88}.Release|Any CPU.ActiveCfg = Release|Any CPU
		{2BB66908-7CF4-4BC3-9B71-991C391EBA88}.Release|Any CPU.Build.0 = Release|Any CPU
		{7BC276B9-04A6-404B-9784-9EEF2AB6D0B7}.Debug|Any CPU.ActiveCfg = Debug|Any CPU
		{7BC276B9-04A6-404B-9784-9EEF2AB6D0B7}.Debug|Any CPU.Build.0 = Debug|Any CPU
		{7BC276B9-04A6-404B-9784-9EEF2AB6D0B7}.Release|Any CPU.ActiveCfg = Release|Any CPU
		{7BC276B9-04A6-404B-9784-9EEF2AB6D0B7}.Release|Any CPU.Build.0 = Release|Any CPU
		{BCA34FE2-982E-43A6-9FF2-337C2EC7324B}.Debug|Any CPU.ActiveCfg = Debug|Any CPU
		{BCA34FE2-982E-43A6-9FF2-337C2EC7324B}.Debug|Any CPU.Build.0 = Debug|Any CPU
		{BCA34FE2-982E-43A6-9FF2-337C2EC7324B}.Release|Any CPU.ActiveCfg = Release|Any CPU
		{BCA34FE2-982E-43A6-9FF2-337C2EC7324B}.Release|Any CPU.Build.0 = Release|Any CPU
		{FB7B6F5B-6EF9-479D-B062-C71B5D51FFF0}.Debug|Any CPU.ActiveCfg = Debug|Any CPU
		{FB7B6F5B-6EF9-479D-B062-C71B5D51FFF0}.Debug|Any CPU.Build.0 = Debug|Any CPU
		{FB7B6F5B-6EF9-479D-B062-C71B5D51FFF0}.Release|Any CPU.ActiveCfg = Release|Any CPU
		{FB7B6F5B-6EF9-479D-B062-C71B5D51FFF0}.Release|Any CPU.Build.0 = Release|Any CPU
		{0D3DD08F-BFE3-4762-B8F7-8CB604606CC0}.Debug|Any CPU.ActiveCfg = Debug|Any CPU
		{0D3DD08F-BFE3-4762-B8F7-8CB604606CC0}.Debug|Any CPU.Build.0 = Debug|Any CPU
		{0D3DD08F-BFE3-4762-B8F7-8CB604606CC0}.Release|Any CPU.ActiveCfg = Release|Any CPU
		{0D3DD08F-BFE3-4762-B8F7-8CB604606CC0}.Release|Any CPU.Build.0 = Release|Any CPU
		{65DE948E-9EBE-40D3-AFD1-C1233BF2F10A}.Debug|Any CPU.ActiveCfg = Debug|Any CPU
		{65DE948E-9EBE-40D3-AFD1-C1233BF2F10A}.Debug|Any CPU.Build.0 = Debug|Any CPU
		{65DE948E-9EBE-40D3-AFD1-C1233BF2F10A}.Release|Any CPU.ActiveCfg = Release|Any CPU
		{65DE948E-9EBE-40D3-AFD1-C1233BF2F10A}.Release|Any CPU.Build.0 = Release|Any CPU
		{87704369-B9FF-426E-8FDA-F3895427DDA6}.Debug|Any CPU.ActiveCfg = Debug|Any CPU
		{87704369-B9FF-426E-8FDA-F3895427DDA6}.Debug|Any CPU.Build.0 = Debug|Any CPU
		{87704369-B9FF-426E-8FDA-F3895427DDA6}.Release|Any CPU.ActiveCfg = Release|Any CPU
		{87704369-B9FF-426E-8FDA-F3895427DDA6}.Release|Any CPU.Build.0 = Release|Any CPU
		{22624098-F21B-49FE-8224-A52F6FEC1079}.Debug|Any CPU.ActiveCfg = Debug|Any CPU
		{22624098-F21B-49FE-8224-A52F6FEC1079}.Debug|Any CPU.Build.0 = Debug|Any CPU
		{22624098-F21B-49FE-8224-A52F6FEC1079}.Release|Any CPU.ActiveCfg = Release|Any CPU
		{22624098-F21B-49FE-8224-A52F6FEC1079}.Release|Any CPU.Build.0 = Release|Any CPU
		{49F5C549-5B32-4BBA-A928-DCA6331375E2}.Debug|Any CPU.ActiveCfg = Debug|Any CPU
		{49F5C549-5B32-4BBA-A928-DCA6331375E2}.Debug|Any CPU.Build.0 = Debug|Any CPU
		{49F5C549-5B32-4BBA-A928-DCA6331375E2}.Release|Any CPU.ActiveCfg = Release|Any CPU
		{49F5C549-5B32-4BBA-A928-DCA6331375E2}.Release|Any CPU.Build.0 = Release|Any CPU
		{F40E3A48-D101-45AC-A48B-D1E5D0435F08}.Debug|Any CPU.ActiveCfg = Debug|Any CPU
		{F40E3A48-D101-45AC-A48B-D1E5D0435F08}.Debug|Any CPU.Build.0 = Debug|Any CPU
		{F40E3A48-D101-45AC-A48B-D1E5D0435F08}.Release|Any CPU.ActiveCfg = Release|Any CPU
		{F40E3A48-D101-45AC-A48B-D1E5D0435F08}.Release|Any CPU.Build.0 = Release|Any CPU
		{49460B07-CB83-4932-85D9-649BF5019473}.Debug|Any CPU.ActiveCfg = Debug|Any CPU
		{49460B07-CB83-4932-85D9-649BF5019473}.Debug|Any CPU.Build.0 = Debug|Any CPU
		{49460B07-CB83-4932-85D9-649BF5019473}.Release|Any CPU.ActiveCfg = Release|Any CPU
		{49460B07-CB83-4932-85D9-649BF5019473}.Release|Any CPU.Build.0 = Release|Any CPU
		{9AD42915-CEA8-4CA2-BF2C-DF6B273690B4}.Debug|Any CPU.ActiveCfg = Debug|Any CPU
		{9AD42915-CEA8-4CA2-BF2C-DF6B273690B4}.Debug|Any CPU.Build.0 = Debug|Any CPU
		{9AD42915-CEA8-4CA2-BF2C-DF6B273690B4}.Release|Any CPU.ActiveCfg = Release|Any CPU
		{9AD42915-CEA8-4CA2-BF2C-DF6B273690B4}.Release|Any CPU.Build.0 = Release|Any CPU
		{CECC0171-2FC5-44A2-AFB5-9640287304C4}.Debug|Any CPU.ActiveCfg = Debug|Any CPU
		{CECC0171-2FC5-44A2-AFB5-9640287304C4}.Debug|Any CPU.Build.0 = Debug|Any CPU
		{CECC0171-2FC5-44A2-AFB5-9640287304C4}.Release|Any CPU.ActiveCfg = Release|Any CPU
		{CECC0171-2FC5-44A2-AFB5-9640287304C4}.Release|Any CPU.Build.0 = Release|Any CPU
	EndGlobalSection
	GlobalSection(SolutionProperties) = preSolution
		HideSolutionNode = FALSE
	EndGlobalSection
	GlobalSection(ExtensibilityGlobals) = postSolution
		SolutionGuid = {43968E70-4D1A-4080-8117-82B34E894E79}
	EndGlobalSection
EndGlobal
